
Microsoft Visual Studio Solution File, Format Version 12.00
# Visual Studio Version 17
VisualStudioVersion = 17.0.32014.148
MinimumVisualStudioVersion = 10.0.40219.1
Project("{9A19103F-16F7-4668-BE54-9A1E7A4F7556}") = "Entra21.ExemplosWhile", "Entra21.ExemplosWhile\Entra21.ExemplosWhile.csproj", "{A9E47CC9-A1EA-4D37-A9B1-C6579C14810D}"
EndProject
Project("{9A19103F-16F7-4668-BE54-9A1E7A4F7556}") = "Entra21.ExerciciosWhile", "Entra21.ExerciciosWhile\Entra21.ExerciciosWhile.csproj", "{4632EFD1-5F2C-4F87-B25F-D30BDFA35A07}"
EndProject
Project("{9A19103F-16F7-4668-BE54-9A1E7A4F7556}") = "Entra21.ExerciciosFor", "Entra21.ExerciciosFor\Entra21.ExerciciosFor.csproj", "{0F8678F6-938C-425D-9499-68970B769E8A}"
EndProject
Project("{9A19103F-16F7-4668-BE54-9A1E7A4F7556}") = "Entra21.ExerciciosVetores", "Entra21.ExerciciosVetores\Entra21.ExerciciosVetores.csproj", "{42E78BBA-EE4D-4377-8132-C401BD5561DF}"
EndProject
Project("{9A19103F-16F7-4668-BE54-9A1E7A4F7556}") = "Entra21.ExemplosOrientacaoObjetos", "Entra21.ExemplosOrientacaoObjetos\Entra21.ExemplosOrientacaoObjetos.csproj", "{F259C7C8-1262-4232-B25C-5533D49822CA}"
EndProject
Project("{9A19103F-16F7-4668-BE54-9A1E7A4F7556}") = "Entra21.ExemplosOrientacaoObjetos.Tests", "Entra21.ExemplosOrientacaoObjetos.Tests\Entra21.ExemplosOrientacaoObjetos.Tests.csproj", "{3E4A7FDE-73AB-4511-883E-6078593A99A9}"
EndProject
Project("{9A19103F-16F7-4668-BE54-9A1E7A4F7556}") = "Entra21.ExerciciosOrientacaoObjetos", "Entra21.ExerciciosOrientacaoObjetos\Entra21.ExerciciosOrientacaoObjetos.csproj", "{E40E801E-C562-44A7-9844-475E32D70E8F}"
EndProject
Project("{9A19103F-16F7-4668-BE54-9A1E7A4F7556}") = "Entra21.ExerciciosOrientacaoObjetos.Tests", "Entra21.ExerciciosOrientacaoObjetos.Tests\Entra21.ExerciciosOrientacaoObjetos.Tests.csproj", "{59DD5FF7-71EC-4175-A25C-3FED3C529399}"
EndProject
Project("{9A19103F-16F7-4668-BE54-9A1E7A4F7556}") = "Entra21.ExerciciosLists", "Entra21.ExerciciosLists\Entra21.ExerciciosLists.csproj", "{33F408C6-C99E-4F0F-9A7F-EF3382181B6A}"
EndProject
Project("{9A19103F-16F7-4668-BE54-9A1E7A4F7556}") = "Entra21.ExemplosLists", "Entra21.ExemplosLists\Entra21.ExemplosLists.csproj", "{00E77C39-79BE-4691-BE10-B11FC87802C1}"
EndProject
Project("{9A19103F-16F7-4668-BE54-9A1E7A4F7556}") = "Entra21.ExerciciosListasObjetos", "Entra21.ExerciciosListasObjetos\Entra21.ExerciciosListasObjetos.csproj", "{AD906899-5E5C-496C-9B53-7BA60F38A676}"
EndProject
Project("{FAE04EC0-301F-11D3-BF4B-00C04F79EFBC}") = "Entra21.ExemplosWindowsForms", "Entra21.ExemplosWindowsForms\Entra21.ExemplosWindowsForms.csproj", "{5DB0F903-BE4D-4C13-93BA-DA26061E563B}"
EndProject
Global
	GlobalSection(SolutionConfigurationPlatforms) = preSolution
		Debug|Any CPU = Debug|Any CPU
		Release|Any CPU = Release|Any CPU
	EndGlobalSection
	GlobalSection(ProjectConfigurationPlatforms) = postSolution
		{A9E47CC9-A1EA-4D37-A9B1-C6579C14810D}.Debug|Any CPU.ActiveCfg = Debug|Any CPU
		{A9E47CC9-A1EA-4D37-A9B1-C6579C14810D}.Debug|Any CPU.Build.0 = Debug|Any CPU
		{A9E47CC9-A1EA-4D37-A9B1-C6579C14810D}.Release|Any CPU.ActiveCfg = Release|Any CPU
		{A9E47CC9-A1EA-4D37-A9B1-C6579C14810D}.Release|Any CPU.Build.0 = Release|Any CPU
		{4632EFD1-5F2C-4F87-B25F-D30BDFA35A07}.Debug|Any CPU.ActiveCfg = Debug|Any CPU
		{4632EFD1-5F2C-4F87-B25F-D30BDFA35A07}.Debug|Any CPU.Build.0 = Debug|Any CPU
		{4632EFD1-5F2C-4F87-B25F-D30BDFA35A07}.Release|Any CPU.ActiveCfg = Release|Any CPU
		{4632EFD1-5F2C-4F87-B25F-D30BDFA35A07}.Release|Any CPU.Build.0 = Release|Any CPU
		{0F8678F6-938C-425D-9499-68970B769E8A}.Debug|Any CPU.ActiveCfg = Debug|Any CPU
		{0F8678F6-938C-425D-9499-68970B769E8A}.Debug|Any CPU.Build.0 = Debug|Any CPU
		{0F8678F6-938C-425D-9499-68970B769E8A}.Release|Any CPU.ActiveCfg = Release|Any CPU
		{0F8678F6-938C-425D-9499-68970B769E8A}.Release|Any CPU.Build.0 = Release|Any CPU
		{42E78BBA-EE4D-4377-8132-C401BD5561DF}.Debug|Any CPU.ActiveCfg = Debug|Any CPU
		{42E78BBA-EE4D-4377-8132-C401BD5561DF}.Debug|Any CPU.Build.0 = Debug|Any CPU
		{42E78BBA-EE4D-4377-8132-C401BD5561DF}.Release|Any CPU.ActiveCfg = Release|Any CPU
		{42E78BBA-EE4D-4377-8132-C401BD5561DF}.Release|Any CPU.Build.0 = Release|Any CPU
		{F259C7C8-1262-4232-B25C-5533D49822CA}.Debug|Any CPU.ActiveCfg = Debug|Any CPU
		{F259C7C8-1262-4232-B25C-5533D49822CA}.Debug|Any CPU.Build.0 = Debug|Any CPU
		{F259C7C8-1262-4232-B25C-5533D49822CA}.Release|Any CPU.ActiveCfg = Release|Any CPU
		{F259C7C8-1262-4232-B25C-5533D49822CA}.Release|Any CPU.Build.0 = Release|Any CPU
		{3E4A7FDE-73AB-4511-883E-6078593A99A9}.Debug|Any CPU.ActiveCfg = Debug|Any CPU
		{3E4A7FDE-73AB-4511-883E-6078593A99A9}.Debug|Any CPU.Build.0 = Debug|Any CPU
		{3E4A7FDE-73AB-4511-883E-6078593A99A9}.Release|Any CPU.ActiveCfg = Release|Any CPU
		{3E4A7FDE-73AB-4511-883E-6078593A99A9}.Release|Any CPU.Build.0 = Release|Any CPU
		{E40E801E-C562-44A7-9844-475E32D70E8F}.Debug|Any CPU.ActiveCfg = Debug|Any CPU
		{E40E801E-C562-44A7-9844-475E32D70E8F}.Debug|Any CPU.Build.0 = Debug|Any CPU
		{E40E801E-C562-44A7-9844-475E32D70E8F}.Release|Any CPU.ActiveCfg = Release|Any CPU
		{E40E801E-C562-44A7-9844-475E32D70E8F}.Release|Any CPU.Build.0 = Release|Any CPU
		{59DD5FF7-71EC-4175-A25C-3FED3C529399}.Debug|Any CPU.ActiveCfg = Debug|Any CPU
		{59DD5FF7-71EC-4175-A25C-3FED3C529399}.Debug|Any CPU.Build.0 = Debug|Any CPU
		{59DD5FF7-71EC-4175-A25C-3FED3C529399}.Release|Any CPU.ActiveCfg = Release|Any CPU
		{59DD5FF7-71EC-4175-A25C-3FED3C529399}.Release|Any CPU.Build.0 = Release|Any CPU
		{33F408C6-C99E-4F0F-9A7F-EF3382181B6A}.Debug|Any CPU.ActiveCfg = Debug|Any CPU
		{33F408C6-C99E-4F0F-9A7F-EF3382181B6A}.Debug|Any CPU.Build.0 = Debug|Any CPU
		{33F408C6-C99E-4F0F-9A7F-EF3382181B6A}.Release|Any CPU.ActiveCfg = Release|Any CPU
		{33F408C6-C99E-4F0F-9A7F-EF3382181B6A}.Release|Any CPU.Build.0 = Release|Any CPU
		{00E77C39-79BE-4691-BE10-B11FC87802C1}.Debug|Any CPU.ActiveCfg = Debug|Any CPU
		{00E77C39-79BE-4691-BE10-B11FC87802C1}.Debug|Any CPU.Build.0 = Debug|Any CPU
		{00E77C39-79BE-4691-BE10-B11FC87802C1}.Release|Any CPU.ActiveCfg = Release|Any CPU
		{00E77C39-79BE-4691-BE10-B11FC87802C1}.Release|Any CPU.Build.0 = Release|Any CPU
		{AD906899-5E5C-496C-9B53-7BA60F38A676}.Debug|Any CPU.ActiveCfg = Debug|Any CPU
		{AD906899-5E5C-496C-9B53-7BA60F38A676}.Debug|Any CPU.Build.0 = Debug|Any CPU
		{AD906899-5E5C-496C-9B53-7BA60F38A676}.Release|Any CPU.ActiveCfg = Release|Any CPU
		{AD906899-5E5C-496C-9B53-7BA60F38A676}.Release|Any CPU.Build.0 = Release|Any CPU
		{5DB0F903-BE4D-4C13-93BA-DA26061E563B}.Debug|Any CPU.ActiveCfg = Debug|Any CPU
		{5DB0F903-BE4D-4C13-93BA-DA26061E563B}.Debug|Any CPU.Build.0 = Debug|Any CPU
		{5DB0F903-BE4D-4C13-93BA-DA26061E563B}.Release|Any CPU.ActiveCfg = Release|Any CPU
		{5DB0F903-BE4D-4C13-93BA-DA26061E563B}.Release|Any CPU.Build.0 = Release|Any CPU
	EndGlobalSection
	GlobalSection(SolutionProperties) = preSolution
		HideSolutionNode = FALSE
	EndGlobalSection
	GlobalSection(ExtensibilityGlobals) = postSolution
		SolutionGuid = {0E820BF3-326D-4E42-82B9-5C4605F71DBA}
	EndGlobalSection
EndGlobal
